
Microsoft Visual Studio Solution File, Format Version 12.00
# Visual Studio Version 16
VisualStudioVersion = 16.0.32002.261
MinimumVisualStudioVersion = 10.0.40219.1
Project("{FAE04EC0-301F-11D3-BF4B-00C04F79EFBC}") = "ProjectOSFinal", "ProjectOSFinal\ProjectOSFinal.csproj", "{DAB82C51-D18B-4B49-A8CA-3B920CDF9355}"
EndProject
Global
	GlobalSection(SolutionConfigurationPlatforms) = preSolution
		Debug|Any CPU = Debug|Any CPU
		Release|Any CPU = Release|Any CPU
	EndGlobalSection
	GlobalSection(ProjectConfigurationPlatforms) = postSolution
		{DAB82C51-D18B-4B49-A8CA-3B920CDF9355}.Debug|Any CPU.ActiveCfg = Debug|Any CPU
		{DAB82C51-D18B-4B49-A8CA-3B920CDF9355}.Debug|Any CPU.Build.0 = Debug|Any CPU
		{DAB82C51-D18B-4B49-A8CA-3B920CDF9355}.Release|Any CPU.ActiveCfg = Release|Any CPU
		{DAB82C51-D18B-4B49-A8CA-3B920CDF9355}.Release|Any CPU.Build.0 = Release|Any CPU
	EndGlobalSection
	GlobalSection(SolutionProperties) = preSolution
		HideSolutionNode = FALSE
	EndGlobalSection
	GlobalSection(ExtensibilityGlobals) = postSolution
		SolutionGuid = {B794A0AF-5926-429D-8065-314AD0B867A8}
	EndGlobalSection
EndGlobal
